
Microsoft Visual Studio Solution File, Format Version 12.00
# Visual Studio Version 16
VisualStudioVersion = 16.0.30104.148
MinimumVisualStudioVersion = 10.0.40219.1
Project("{FAE04EC0-301F-11D3-BF4B-00C04F79EFBC}") = "TicTacToeWPF", "TicTacToeWPF\TicTacToeWPF.csproj", "{F3218646-FA9E-45F3-AF55-AD6C93F19270}"
EndProject
Global
	GlobalSection(SolutionConfigurationPlatforms) = preSolution
		Debug|Any CPU = Debug|Any CPU
		Release|Any CPU = Release|Any CPU
	EndGlobalSection
	GlobalSection(ProjectConfigurationPlatforms) = postSolution
		{F3218646-FA9E-45F3-AF55-AD6C93F19270}.Debug|Any CPU.ActiveCfg = Debug|Any CPU
		{F3218646-FA9E-45F3-AF55-AD6C93F19270}.Debug|Any CPU.Build.0 = Debug|Any CPU
		{F3218646-FA9E-45F3-AF55-AD6C93F19270}.Release|Any CPU.ActiveCfg = Release|Any CPU
		{F3218646-FA9E-45F3-AF55-AD6C93F19270}.Release|Any CPU.Build.0 = Release|Any CPU
	EndGlobalSection
	GlobalSection(SolutionProperties) = preSolution
		HideSolutionNode = FALSE
	EndGlobalSection
	GlobalSection(ExtensibilityGlobals) = postSolution
		SolutionGuid = {E4B7A4F9-ABCA-4C3D-B1F2-01784D0D5EC6}
	EndGlobalSection
EndGlobal
